<?xml version="1.0" encoding="UTF-8" standalone="yes" ?>
<CodeBlocks_project_file>
   <FileVersion major="1" minor="6" />
   <Project>
      <Option title="KuLaserMapBuilderPr" />
      <Option makefile_is_custom="1" />
      <Option compiler="gcc" />
      <Option virtualFolders="CMake Files\;CMake Files\src\;CMake Files\src\Algorithm\;CMake Files\src\KUNSProcess\;CMake Files\src\KUNSProcess\KUNSPathPlannerPr\;CMake Files\src\KUNSProcess\KUNSPathPlannerPr\KUNSGradientPathPlannerPr\;CMake Files\src\KUNSProcess\KUNSPathPlannerPr\KUNSPathSmoothingPr\;CMake Files\src\KUNSProcess\KUNSPathPlannerPr\KUNSGradientPathPlannerbasedPOMapPr\;CMake Files\src\KUNSProcess\KUNSPathPlannerPr\KUNSGlobalParhPlannerPr\;CMake Files\src\KUNSProcess\KUNSKanayamaMotionControlPr\;CMake Files\src\KUNSProcess\KUNSLaserBasedParticleFilterLocalizerPr\;CMake Files\src\KUNSProcess\KUNSObstAvoidancePr\;CMake Files\src\KUNSProcess\KUNSLaserMapBuilderPr\;CMake Files\src\Sensor\;CMake Files\src\Sensor\VirtualSensor\;CMake Files\src\KUNSUtil\;CMake Files\src\KUNSPose\;CMake Files\src\KUNSMath\;CMake Files\src\KUNSGUI\;CMake Files\src\KUNSSimulation\;CMake Files\src\KUNSSimulation\KuParticleFilterSimulator\;CMake Files\src\KUNSSimulation\KuKanayamaMotionControlSimulator\;CMake Files\src\KUNSMap\;CMake Files\..\;CMake Files\..\..\;CMake Files\..\..\..\;CMake Files\..\..\..\usr\;CMake Files\..\..\..\usr\share\;CMake Files\..\..\..\usr\share\OpenCV\;" />
      <Build>
      <Target title="all">
         <Option working_dir="/home/minkuk/KUNS/src/KUNSProcess/KUNSLaserMapBuilderPr" />
         <Option type="4" />
         <MakeCommands>
            <Build command="/usr/bin/make -f &quot;/home/minkuk/KUNS/src/KUNSProcess/KUNSLaserMapBuilderPr/Makefile&quot;  VERBOSE=1 all" />
            <CompileFile command="/usr/bin/make -f &quot;/home/minkuk/KUNS/src/KUNSProcess/KUNSLaserMapBuilderPr/Makefile&quot;  VERBOSE=1 &quot;$file&quot;" />
            <Clean command="/usr/bin/make -f &quot;/home/minkuk/KUNS/src/KUNSProcess/KUNSLaserMapBuilderPr/Makefile&quot;  VERBOSE=1 clean" />
            <DistClean command="/usr/bin/make -f &quot;/home/minkuk/KUNS/src/KUNSProcess/KUNSLaserMapBuilderPr/Makefile&quot;  VERBOSE=1 clean" />
         </MakeCommands>
      </Target>
      <Target title="KuLaserMapBuilderPr">
         <Option output="/home/minkuk/KUNS/lib/libKuLaserMapBuilderPr.a" prefix_auto="0" extension_auto="0" />
         <Option working_dir="/home/minkuk/KUNS/src/KUNSProcess/KUNSLaserMapBuilderPr" />
         <Option object_output="./" />
         <Option type="2" />
         <Option compiler="gcc" />
         <Compiler>
            <Add option="-D_FILE_OFFSET_BITS=64" />
            <Add option="-DWXUSINGDLL" />
            <Add option="-D__WXGTK__" />
            <Add directory="/usr/include/opencv" />
            <Add directory="/usr/include/wx-3.0-unofficial" />
            <Add directory="/usr/lib/x86_64-linux-gnu/wx/include/gtk2-unicode-3.0-unofficial" />
         </Compiler>
         <MakeCommands>
            <Build command="/usr/bin/make -f &quot;/home/minkuk/KUNS/src/KUNSProcess/KUNSLaserMapBuilderPr/Makefile&quot;  VERBOSE=1 KuLaserMapBuilderPr" />
            <CompileFile command="/usr/bin/make -f &quot;/home/minkuk/KUNS/src/KUNSProcess/KUNSLaserMapBuilderPr/Makefile&quot;  VERBOSE=1 &quot;$file&quot;" />
            <Clean command="/usr/bin/make -f &quot;/home/minkuk/KUNS/src/KUNSProcess/KUNSLaserMapBuilderPr/Makefile&quot;  VERBOSE=1 clean" />
            <DistClean command="/usr/bin/make -f &quot;/home/minkuk/KUNS/src/KUNSProcess/KUNSLaserMapBuilderPr/Makefile&quot;  VERBOSE=1 clean" />
         </MakeCommands>
      </Target>
      <Target title="KuLaserMapBuilderPr/fast">
         <Option output="/home/minkuk/KUNS/lib/libKuLaserMapBuilderPr.a" prefix_auto="0" extension_auto="0" />
         <Option working_dir="/home/minkuk/KUNS/src/KUNSProcess/KUNSLaserMapBuilderPr" />
         <Option object_output="./" />
         <Option type="2" />
         <Option compiler="gcc" />
         <Compiler>
            <Add option="-D_FILE_OFFSET_BITS=64" />
            <Add option="-DWXUSINGDLL" />
            <Add option="-D__WXGTK__" />
            <Add directory="/usr/include/opencv" />
            <Add directory="/usr/include/wx-3.0-unofficial" />
            <Add directory="/usr/lib/x86_64-linux-gnu/wx/include/gtk2-unicode-3.0-unofficial" />
         </Compiler>
         <MakeCommands>
            <Build command="/usr/bin/make -f &quot;/home/minkuk/KUNS/src/KUNSProcess/KUNSLaserMapBuilderPr/Makefile&quot;  VERBOSE=1 KuLaserMapBuilderPr/fast" />
            <CompileFile command="/usr/bin/make -f &quot;/home/minkuk/KUNS/src/KUNSProcess/KUNSLaserMapBuilderPr/Makefile&quot;  VERBOSE=1 &quot;$file&quot;" />
            <Clean command="/usr/bin/make -f &quot;/home/minkuk/KUNS/src/KUNSProcess/KUNSLaserMapBuilderPr/Makefile&quot;  VERBOSE=1 clean" />
            <DistClean command="/usr/bin/make -f &quot;/home/minkuk/KUNS/src/KUNSProcess/KUNSLaserMapBuilderPr/Makefile&quot;  VERBOSE=1 clean" />
         </MakeCommands>
      </Target>
      </Build>
      <Unit filename="/home/minkuk/KUNS/src/KUNSProcess/KUNSLaserMapBuilderPr/KuLaserMapBuilderPr.cpp">
      </Unit>
      <Unit filename="/home/minkuk/KUNS/src/KUNSProcess/KUNSLaserMapBuilderPr/KuMapBuilderParameter.cpp">
      </Unit>
      <Unit filename="/home/minkuk/KUNS/src/KUNSMap/KuMap.h">
      </Unit>
      <Unit filename="/home/minkuk/KUNS/src/KUNSMap/KuMapRepository.h">
      </Unit>
      <Unit filename="/home/minkuk/KUNS/src/KUNSMath/KuMath.h">
      </Unit>
      <Unit filename="/home/minkuk/KUNS/src/KUNSPose/KuPose.h">
      </Unit>
      <Unit filename="/home/minkuk/KUNS/src/KUNSProcess/KUNSLaserMapBuilderPr/KuLaserMapBuilderPr.h">
      </Unit>
      <Unit filename="/home/minkuk/KUNS/src/KUNSProcess/KUNSLaserMapBuilderPr/KuMapBuilderParameter.h">
      </Unit>
      <Unit filename="/home/minkuk/KUNS/src/KUNSUtil/KUNSSmartPointer/KuSmartPointer.h">
      </Unit>
      <Unit filename="/home/minkuk/KUNS/CMakeLists.txt">
          <Option virtualFolder="CMake Files\" />
      </Unit>
      <Unit filename="/home/minkuk/KUNS/src/CMakeLists.txt">
          <Option virtualFolder="CMake Files\src\" />
      </Unit>
      <Unit filename="/home/minkuk/KUNS/src/CMakeLists.txt">
          <Option virtualFolder="CMake Files\src\" />
      </Unit>
      <Unit filename="/home/minkuk/KUNS/src/Algorithm/CMakeLists.txt">
          <Option virtualFolder="CMake Files\src\Algorithm\" />
      </Unit>
      <Unit filename="/home/minkuk/KUNS/src/Algorithm/CMakeLists.txt">
          <Option virtualFolder="CMake Files\src\Algorithm\" />
      </Unit>
      <Unit filename="/home/minkuk/KUNS/src/Algorithm/CMakeLists.txt">
          <Option virtualFolder="CMake Files\src\Algorithm\" />
      </Unit>
      <Unit filename="/home/minkuk/KUNS/src/KUNSProcess/CMakeLists.txt">
          <Option virtualFolder="CMake Files\src\KUNSProcess\" />
      </Unit>
      <Unit filename="/home/minkuk/KUNS/src/KUNSProcess/CMakeLists.txt">
          <Option virtualFolder="CMake Files\src\KUNSProcess\" />
      </Unit>
      <Unit filename="/home/minkuk/KUNS/src/KUNSProcess/CMakeLists.txt">
          <Option virtualFolder="CMake Files\src\KUNSProcess\" />
      </Unit>
      <Unit filename="/home/minkuk/KUNS/src/KUNSProcess/KUNSPathPlannerPr/CMakeLists.txt">
          <Option virtualFolder="CMake Files\src\KUNSProcess\KUNSPathPlannerPr\" />
      </Unit>
      <Unit filename="/home/minkuk/KUNS/src/KUNSProcess/KUNSPathPlannerPr/CMakeLists.txt">
          <Option virtualFolder="CMake Files\src\KUNSProcess\KUNSPathPlannerPr\" />
      </Unit>
      <Unit filename="/home/minkuk/KUNS/src/KUNSProcess/KUNSPathPlannerPr/CMakeLists.txt">
          <Option virtualFolder="CMake Files\src\KUNSProcess\KUNSPathPlannerPr\" />
      </Unit>
      <Unit filename="/home/minkuk/KUNS/src/KUNSProcess/KUNSPathPlannerPr/KUNSGradientPathPlannerPr/CMakeLists.txt">
          <Option virtualFolder="CMake Files\src\KUNSProcess\KUNSPathPlannerPr\KUNSGradientPathPlannerPr\" />
      </Unit>
      <Unit filename="/home/minkuk/KUNS/src/KUNSProcess/KUNSPathPlannerPr/KUNSGradientPathPlannerPr/CMakeLists.txt">
          <Option virtualFolder="CMake Files\src\KUNSProcess\KUNSPathPlannerPr\KUNSGradientPathPlannerPr\" />
      </Unit>
      <Unit filename="/home/minkuk/KUNS/src/KUNSProcess/KUNSPathPlannerPr/KUNSGradientPathPlannerPr/CMakeLists.txt">
          <Option virtualFolder="CMake Files\src\KUNSProcess\KUNSPathPlannerPr\KUNSGradientPathPlannerPr\" />
      </Unit>
      <Unit filename="/home/minkuk/KUNS/src/KUNSProcess/KUNSPathPlannerPr/KUNSGradientPathPlannerPr/CMakeLists.txt">
          <Option virtualFolder="CMake Files\src\KUNSProcess\KUNSPathPlannerPr\KUNSGradientPathPlannerPr\" />
      </Unit>
      <Unit filename="/home/minkuk/KUNS/src/KUNSProcess/KUNSPathPlannerPr/KUNSPathSmoothingPr/CMakeLists.txt">
          <Option virtualFolder="CMake Files\src\KUNSProcess\KUNSPathPlannerPr\KUNSPathSmoothingPr\" />
      </Unit>
      <Unit filename="/home/minkuk/KUNS/src/KUNSProcess/KUNSPathPlannerPr/KUNSPathSmoothingPr/CMakeLists.txt">
          <Option virtualFolder="CMake Files\src\KUNSProcess\KUNSPathPlannerPr\KUNSPathSmoothingPr\" />
      </Unit>
      <Unit filename="/home/minkuk/KUNS/src/KUNSProcess/KUNSPathPlannerPr/KUNSPathSmoothingPr/CMakeLists.txt">
          <Option virtualFolder="CMake Files\src\KUNSProcess\KUNSPathPlannerPr\KUNSPathSmoothingPr\" />
      </Unit>
      <Unit filename="/home/minkuk/KUNS/src/KUNSProcess/KUNSPathPlannerPr/KUNSPathSmoothingPr/CMakeLists.txt">
          <Option virtualFolder="CMake Files\src\KUNSProcess\KUNSPathPlannerPr\KUNSPathSmoothingPr\" />
      </Unit>
      <Unit filename="/home/minkuk/KUNS/src/KUNSProcess/KUNSPathPlannerPr/KUNSGradientPathPlannerbasedPOMapPr/CMakeLists.txt">
          <Option virtualFolder="CMake Files\src\KUNSProcess\KUNSPathPlannerPr\KUNSGradientPathPlannerbasedPOMapPr\" />
      </Unit>
      <Unit filename="/home/minkuk/KUNS/src/KUNSProcess/KUNSPathPlannerPr/KUNSGradientPathPlannerbasedPOMapPr/CMakeLists.txt">
          <Option virtualFolder="CMake Files\src\KUNSProcess\KUNSPathPlannerPr\KUNSGradientPathPlannerbasedPOMapPr\" />
      </Unit>
      <Unit filename="/home/minkuk/KUNS/src/KUNSProcess/KUNSPathPlannerPr/KUNSGradientPathPlannerbasedPOMapPr/CMakeLists.txt">
          <Option virtualFolder="CMake Files\src\KUNSProcess\KUNSPathPlannerPr\KUNSGradientPathPlannerbasedPOMapPr\" />
      </Unit>
      <Unit filename="/home/minkuk/KUNS/src/KUNSProcess/KUNSPathPlannerPr/KUNSGradientPathPlannerbasedPOMapPr/CMakeLists.txt">
          <Option virtualFolder="CMake Files\src\KUNSProcess\KUNSPathPlannerPr\KUNSGradientPathPlannerbasedPOMapPr\" />
      </Unit>
      <Unit filename="/home/minkuk/KUNS/src/KUNSProcess/KUNSPathPlannerPr/KUNSGlobalParhPlannerPr/CMakeLists.txt">
          <Option virtualFolder="CMake Files\src\KUNSProcess\KUNSPathPlannerPr\KUNSGlobalParhPlannerPr\" />
      </Unit>
      <Unit filename="/home/minkuk/KUNS/src/KUNSProcess/KUNSPathPlannerPr/KUNSGlobalParhPlannerPr/CMakeLists.txt">
          <Option virtualFolder="CMake Files\src\KUNSProcess\KUNSPathPlannerPr\KUNSGlobalParhPlannerPr\" />
      </Unit>
      <Unit filename="/home/minkuk/KUNS/src/KUNSProcess/KUNSPathPlannerPr/KUNSGlobalParhPlannerPr/CMakeLists.txt">
          <Option virtualFolder="CMake Files\src\KUNSProcess\KUNSPathPlannerPr\KUNSGlobalParhPlannerPr\" />
      </Unit>
      <Unit filename="/home/minkuk/KUNS/src/KUNSProcess/KUNSPathPlannerPr/KUNSGlobalParhPlannerPr/CMakeLists.txt">
          <Option virtualFolder="CMake Files\src\KUNSProcess\KUNSPathPlannerPr\KUNSGlobalParhPlannerPr\" />
      </Unit>
      <Unit filename="/home/minkuk/KUNS/src/KUNSProcess/KUNSKanayamaMotionControlPr/CMakeLists.txt">
          <Option virtualFolder="CMake Files\src\KUNSProcess\KUNSKanayamaMotionControlPr\" />
      </Unit>
      <Unit filename="/home/minkuk/KUNS/src/KUNSProcess/KUNSKanayamaMotionControlPr/CMakeLists.txt">
          <Option virtualFolder="CMake Files\src\KUNSProcess\KUNSKanayamaMotionControlPr\" />
      </Unit>
      <Unit filename="/home/minkuk/KUNS/src/KUNSProcess/KUNSKanayamaMotionControlPr/CMakeLists.txt">
          <Option virtualFolder="CMake Files\src\KUNSProcess\KUNSKanayamaMotionControlPr\" />
      </Unit>
      <Unit filename="/home/minkuk/KUNS/src/KUNSProcess/KUNSKanayamaMotionControlPr/CMakeLists.txt">
          <Option virtualFolder="CMake Files\src\KUNSProcess\KUNSKanayamaMotionControlPr\" />
      </Unit>
      <Unit filename="/home/minkuk/KUNS/src/KUNSProcess/KUNSLaserBasedParticleFilterLocalizerPr/CMakeLists.txt">
          <Option virtualFolder="CMake Files\src\KUNSProcess\KUNSLaserBasedParticleFilterLocalizerPr\" />
      </Unit>
      <Unit filename="/home/minkuk/KUNS/src/KUNSProcess/KUNSLaserBasedParticleFilterLocalizerPr/CMakeLists.txt">
          <Option virtualFolder="CMake Files\src\KUNSProcess\KUNSLaserBasedParticleFilterLocalizerPr\" />
      </Unit>
      <Unit filename="/home/minkuk/KUNS/src/KUNSProcess/KUNSLaserBasedParticleFilterLocalizerPr/CMakeLists.txt">
          <Option virtualFolder="CMake Files\src\KUNSProcess\KUNSLaserBasedParticleFilterLocalizerPr\" />
      </Unit>
      <Unit filename="/home/minkuk/KUNS/src/KUNSProcess/KUNSLaserBasedParticleFilterLocalizerPr/CMakeLists.txt">
          <Option virtualFolder="CMake Files\src\KUNSProcess\KUNSLaserBasedParticleFilterLocalizerPr\" />
      </Unit>
      <Unit filename="/home/minkuk/KUNS/src/KUNSProcess/KUNSObstAvoidancePr/CMakeLists.txt">
          <Option virtualFolder="CMake Files\src\KUNSProcess\KUNSObstAvoidancePr\" />
      </Unit>
      <Unit filename="/home/minkuk/KUNS/src/KUNSProcess/KUNSObstAvoidancePr/CMakeLists.txt">
          <Option virtualFolder="CMake Files\src\KUNSProcess\KUNSObstAvoidancePr\" />
      </Unit>
      <Unit filename="/home/minkuk/KUNS/src/KUNSProcess/KUNSObstAvoidancePr/CMakeLists.txt">
          <Option virtualFolder="CMake Files\src\KUNSProcess\KUNSObstAvoidancePr\" />
      </Unit>
      <Unit filename="/home/minkuk/KUNS/src/KUNSProcess/KUNSObstAvoidancePr/CMakeLists.txt">
          <Option virtualFolder="CMake Files\src\KUNSProcess\KUNSObstAvoidancePr\" />
      </Unit>
      <Unit filename="/home/minkuk/KUNS/src/KUNSProcess/KUNSLaserMapBuilderPr/CMakeLists.txt">
          <Option virtualFolder="CMake Files\src\KUNSProcess\KUNSLaserMapBuilderPr\" />
      </Unit>
      <Unit filename="/home/minkuk/KUNS/src/KUNSProcess/KUNSLaserMapBuilderPr/CMakeLists.txt">
          <Option virtualFolder="CMake Files\src\KUNSProcess\KUNSLaserMapBuilderPr\" />
      </Unit>
      <Unit filename="/home/minkuk/KUNS/src/KUNSProcess/KUNSLaserMapBuilderPr/CMakeLists.txt">
          <Option virtualFolder="CMake Files\src\KUNSProcess\KUNSLaserMapBuilderPr\" />
      </Unit>
      <Unit filename="/home/minkuk/KUNS/src/KUNSProcess/KUNSLaserMapBuilderPr/CMakeLists.txt">
          <Option virtualFolder="CMake Files\src\KUNSProcess\KUNSLaserMapBuilderPr\" />
      </Unit>
      <Unit filename="/home/minkuk/KUNS/src/Sensor/CMakeLists.txt">
          <Option virtualFolder="CMake Files\src\Sensor\" />
      </Unit>
      <Unit filename="/home/minkuk/KUNS/src/Sensor/CMakeLists.txt">
          <Option virtualFolder="CMake Files\src\Sensor\" />
      </Unit>
      <Unit filename="/home/minkuk/KUNS/src/Sensor/CMakeLists.txt">
          <Option virtualFolder="CMake Files\src\Sensor\" />
      </Unit>
      <Unit filename="/home/minkuk/KUNS/src/Sensor/VirtualSensor/CMakeLists.txt">
          <Option virtualFolder="CMake Files\src\Sensor\VirtualSensor\" />
      </Unit>
      <Unit filename="/home/minkuk/KUNS/src/Sensor/VirtualSensor/CMakeLists.txt">
          <Option virtualFolder="CMake Files\src\Sensor\VirtualSensor\" />
      </Unit>
      <Unit filename="/home/minkuk/KUNS/src/Sensor/VirtualSensor/CMakeLists.txt">
          <Option virtualFolder="CMake Files\src\Sensor\VirtualSensor\" />
      </Unit>
      <Unit filename="/home/minkuk/KUNS/src/Sensor/VirtualSensor/CMakeLists.txt">
          <Option virtualFolder="CMake Files\src\Sensor\VirtualSensor\" />
      </Unit>
      <Unit filename="/home/minkuk/KUNS/src/KUNSUtil/CMakeLists.txt">
          <Option virtualFolder="CMake Files\src\KUNSUtil\" />
      </Unit>
      <Unit filename="/home/minkuk/KUNS/src/KUNSUtil/CMakeLists.txt">
          <Option virtualFolder="CMake Files\src\KUNSUtil\" />
      </Unit>
      <Unit filename="/home/minkuk/KUNS/src/KUNSUtil/CMakeLists.txt">
          <Option virtualFolder="CMake Files\src\KUNSUtil\" />
      </Unit>
      <Unit filename="/home/minkuk/KUNS/src/KUNSPose/CMakeLists.txt">
          <Option virtualFolder="CMake Files\src\KUNSPose\" />
      </Unit>
      <Unit filename="/home/minkuk/KUNS/src/KUNSPose/CMakeLists.txt">
          <Option virtualFolder="CMake Files\src\KUNSPose\" />
      </Unit>
      <Unit filename="/home/minkuk/KUNS/src/KUNSPose/CMakeLists.txt">
          <Option virtualFolder="CMake Files\src\KUNSPose\" />
      </Unit>
      <Unit filename="/home/minkuk/KUNS/src/KUNSMath/CMakeLists.txt">
          <Option virtualFolder="CMake Files\src\KUNSMath\" />
      </Unit>
      <Unit filename="/home/minkuk/KUNS/src/KUNSMath/CMakeLists.txt">
          <Option virtualFolder="CMake Files\src\KUNSMath\" />
      </Unit>
      <Unit filename="/home/minkuk/KUNS/src/KUNSMath/CMakeLists.txt">
          <Option virtualFolder="CMake Files\src\KUNSMath\" />
      </Unit>
      <Unit filename="/home/minkuk/KUNS/src/KUNSGUI/CMakeLists.txt">
          <Option virtualFolder="CMake Files\src\KUNSGUI\" />
      </Unit>
      <Unit filename="/home/minkuk/KUNS/src/KUNSGUI/CMakeLists.txt">
          <Option virtualFolder="CMake Files\src\KUNSGUI\" />
      </Unit>
      <Unit filename="/home/minkuk/KUNS/src/KUNSGUI/CMakeLists.txt">
          <Option virtualFolder="CMake Files\src\KUNSGUI\" />
      </Unit>
      <Unit filename="/home/minkuk/KUNS/src/KUNSSimulation/CMakeLists.txt">
          <Option virtualFolder="CMake Files\src\KUNSSimulation\" />
      </Unit>
      <Unit filename="/home/minkuk/KUNS/src/KUNSSimulation/CMakeLists.txt">
          <Option virtualFolder="CMake Files\src\KUNSSimulation\" />
      </Unit>
      <Unit filename="/home/minkuk/KUNS/src/KUNSSimulation/CMakeLists.txt">
          <Option virtualFolder="CMake Files\src\KUNSSimulation\" />
      </Unit>
      <Unit filename="/home/minkuk/KUNS/src/KUNSSimulation/KuParticleFilterSimulator/CMakeLists.txt">
          <Option virtualFolder="CMake Files\src\KUNSSimulation\KuParticleFilterSimulator\" />
      </Unit>
      <Unit filename="/home/minkuk/KUNS/src/KUNSSimulation/KuParticleFilterSimulator/CMakeLists.txt">
          <Option virtualFolder="CMake Files\src\KUNSSimulation\KuParticleFilterSimulator\" />
      </Unit>
      <Unit filename="/home/minkuk/KUNS/src/KUNSSimulation/KuParticleFilterSimulator/CMakeLists.txt">
          <Option virtualFolder="CMake Files\src\KUNSSimulation\KuParticleFilterSimulator\" />
      </Unit>
      <Unit filename="/home/minkuk/KUNS/src/KUNSSimulation/KuParticleFilterSimulator/CMakeLists.txt">
          <Option virtualFolder="CMake Files\src\KUNSSimulation\KuParticleFilterSimulator\" />
      </Unit>
      <Unit filename="/home/minkuk/KUNS/src/KUNSSimulation/KuKanayamaMotionControlSimulator/CMakeLists.txt">
          <Option virtualFolder="CMake Files\src\KUNSSimulation\KuKanayamaMotionControlSimulator\" />
      </Unit>
      <Unit filename="/home/minkuk/KUNS/src/KUNSSimulation/KuKanayamaMotionControlSimulator/CMakeLists.txt">
          <Option virtualFolder="CMake Files\src\KUNSSimulation\KuKanayamaMotionControlSimulator\" />
      </Unit>
      <Unit filename="/home/minkuk/KUNS/src/KUNSSimulation/KuKanayamaMotionControlSimulator/CMakeLists.txt">
          <Option virtualFolder="CMake Files\src\KUNSSimulation\KuKanayamaMotionControlSimulator\" />
      </Unit>
      <Unit filename="/home/minkuk/KUNS/src/KUNSSimulation/KuKanayamaMotionControlSimulator/CMakeLists.txt">
          <Option virtualFolder="CMake Files\src\KUNSSimulation\KuKanayamaMotionControlSimulator\" />
      </Unit>
      <Unit filename="/home/minkuk/KUNS/src/KUNSMap/CMakeLists.txt">
          <Option virtualFolder="CMake Files\src\KUNSMap\" />
      </Unit>
      <Unit filename="/home/minkuk/KUNS/src/KUNSMap/CMakeLists.txt">
          <Option virtualFolder="CMake Files\src\KUNSMap\" />
      </Unit>
      <Unit filename="/home/minkuk/KUNS/src/KUNSMap/CMakeLists.txt">
          <Option virtualFolder="CMake Files\src\KUNSMap\" />
      </Unit>
      <Unit filename="/home/minkuk/KUNS/../../../usr/share/OpenCV/OpenCVConfig-version.cmake">
          <Option virtualFolder="CMake Files\..\..\..\usr\share\OpenCV\" />
      </Unit>
      <Unit filename="/home/minkuk/KUNS/../../../usr/share/OpenCV/OpenCVConfig.cmake">
          <Option virtualFolder="CMake Files\..\..\..\usr\share\OpenCV\" />
      </Unit>
      <Unit filename="/home/minkuk/KUNS/../../../usr/share/OpenCV/OpenCVModules.cmake">
          <Option virtualFolder="CMake Files\..\..\..\usr\share\OpenCV\" />
      </Unit>
      <Unit filename="/home/minkuk/KUNS/../../../usr/share/OpenCV/OpenCVModules-release.cmake">
          <Option virtualFolder="CMake Files\..\..\..\usr\share\OpenCV\" />
      </Unit>
   </Project>
</CodeBlocks_project_file>
